
Microsoft Visual Studio Solution File, Format Version 12.00
# Visual Studio Version 17
VisualStudioVersion = 17.8.34330.188
MinimumVisualStudioVersion = 10.0.40219.1
Project("{FAE04EC0-301F-11D3-BF4B-00C04F79EFBC}") = "ECommerceWeb", "ECommerceWeb\ECommerceWeb.csproj", "{68DCAAFE-D1A1-4E51-A597-A19BC6277EAA}"
EndProject
Project("{FAE04EC0-301F-11D3-BF4B-00C04F79EFBC}") = "ECommerce.Models", "ECommerce.Models\ECommerce.Models.csproj", "{572E2D54-0735-451C-A233-9712BFA1C1D0}"
EndProject
Project("{FAE04EC0-301F-11D3-BF4B-00C04F79EFBC}") = "ECommerce.DataAccess", "ECommerce.DataAccess\ECommerce.DataAccess.csproj", "{59235E2F-B9C8-4DDA-8E9B-0289AAD62CC2}"
EndProject
Project("{FAE04EC0-301F-11D3-BF4B-00C04F79EFBC}") = "ECommerce.Utility", "ECommerce.Utility\ECommerce.Utility.csproj", "{DEB509D2-3C1A-461A-950D-F0C85CC28327}"
EndProject
Global
	GlobalSection(SolutionConfigurationPlatforms) = preSolution
		Debug|Any CPU = Debug|Any CPU
		Release|Any CPU = Release|Any CPU
	EndGlobalSection
	GlobalSection(ProjectConfigurationPlatforms) = postSolution
		{68DCAAFE-D1A1-4E51-A597-A19BC6277EAA}.Debug|Any CPU.ActiveCfg = Debug|Any CPU
		{68DCAAFE-D1A1-4E51-A597-A19BC6277EAA}.Debug|Any CPU.Build.0 = Debug|Any CPU
		{68DCAAFE-D1A1-4E51-A597-A19BC6277EAA}.Release|Any CPU.ActiveCfg = Release|Any CPU
		{68DCAAFE-D1A1-4E51-A597-A19BC6277EAA}.Release|Any CPU.Build.0 = Release|Any CPU
		{572E2D54-0735-451C-A233-9712BFA1C1D0}.Debug|Any CPU.ActiveCfg = Debug|Any CPU
		{572E2D54-0735-451C-A233-9712BFA1C1D0}.Debug|Any CPU.Build.0 = Debug|Any CPU
		{572E2D54-0735-451C-A233-9712BFA1C1D0}.Release|Any CPU.ActiveCfg = Release|Any CPU
		{572E2D54-0735-451C-A233-9712BFA1C1D0}.Release|Any CPU.Build.0 = Release|Any CPU
		{59235E2F-B9C8-4DDA-8E9B-0289AAD62CC2}.Debug|Any CPU.ActiveCfg = Debug|Any CPU
		{59235E2F-B9C8-4DDA-8E9B-0289AAD62CC2}.Debug|Any CPU.Build.0 = Debug|Any CPU
		{59235E2F-B9C8-4DDA-8E9B-0289AAD62CC2}.Release|Any CPU.ActiveCfg = Release|Any CPU
		{59235E2F-B9C8-4DDA-8E9B-0289AAD62CC2}.Release|Any CPU.Build.0 = Release|Any CPU
		{DEB509D2-3C1A-461A-950D-F0C85CC28327}.Debug|Any CPU.ActiveCfg = Debug|Any CPU
		{DEB509D2-3C1A-461A-950D-F0C85CC28327}.Debug|Any CPU.Build.0 = Debug|Any CPU
		{DEB509D2-3C1A-461A-950D-F0C85CC28327}.Release|Any CPU.ActiveCfg = Release|Any CPU
		{DEB509D2-3C1A-461A-950D-F0C85CC28327}.Release|Any CPU.Build.0 = Release|Any CPU
	EndGlobalSection
	GlobalSection(SolutionProperties) = preSolution
		HideSolutionNode = FALSE
	EndGlobalSection
	GlobalSection(ExtensibilityGlobals) = postSolution
		SolutionGuid = {4DE14E96-A492-467D-8303-F480012DB9AD}
	EndGlobalSection
EndGlobal
